
Microsoft Visual Studio Solution File, Format Version 12.00
# Visual Studio Version 17
VisualStudioVersion = 17.14.36429.23 d17.14
MinimumVisualStudioVersion = 10.0.40219.1
Project("{FAE04EC0-301F-11D3-BF4B-00C04F79EFBC}") = "ClienteEnvia", "ClienteEnvia.csproj", "{B60B9301-AAE4-43C4-848C-C1196A8D170A}"
EndProject
Global
	GlobalSection(SolutionConfigurationPlatforms) = preSolution
		Debug|Any CPU = Debug|Any CPU
		Release|Any CPU = Release|Any CPU
	EndGlobalSection
	GlobalSection(ProjectConfigurationPlatforms) = postSolution
		{B60B9301-AAE4-43C4-848C-C1196A8D170A}.Debug|Any CPU.ActiveCfg = Debug|Any CPU
		{B60B9301-AAE4-43C4-848C-C1196A8D170A}.Debug|Any CPU.Build.0 = Debug|Any CPU
		{B60B9301-AAE4-43C4-848C-C1196A8D170A}.Release|Any CPU.ActiveCfg = Release|Any CPU
		{B60B9301-AAE4-43C4-848C-C1196A8D170A}.Release|Any CPU.Build.0 = Release|Any CPU
	EndGlobalSection
	GlobalSection(SolutionProperties) = preSolution
		HideSolutionNode = FALSE
	EndGlobalSection
	GlobalSection(ExtensibilityGlobals) = postSolution
		SolutionGuid = {F750D763-AAAE-4A7F-993E-66C5DC9D2607}
	EndGlobalSection
EndGlobal
